
Microsoft Visual Studio Solution File, Format Version 12.00
# Visual Studio Version 17
VisualStudioVersion = 17.5.2.0
MinimumVisualStudioVersion = 10.0.40219.1
Project("{FAE04EC0-301F-11D3-BF4B-00C04F79EFBC}") = "BankingApp.Tests", "BankingApp.Tests.csproj", "{0BE47869-7005-E5F9-8D7B-F7263E831570}"
EndProject
Project("{FAE04EC0-301F-11D3-BF4B-00C04F79EFBC}") = "BankingAppProjectAvaloniaDesktop", "..\BankingAppProjectAvaloniaDesktop\BankingAppProjectAvaloniaDesktop.csproj", "{74514310-73BF-4420-892E-5BAE34C136EC}"
EndProject
Global
	GlobalSection(SolutionConfigurationPlatforms) = preSolution
		Debug|Any CPU = Debug|Any CPU
		Debug|x64 = Debug|x64
		Debug|x86 = Debug|x86
		Release|Any CPU = Release|Any CPU
		Release|x64 = Release|x64
		Release|x86 = Release|x86
	EndGlobalSection
	GlobalSection(ProjectConfigurationPlatforms) = postSolution
		{0BE47869-7005-E5F9-8D7B-F7263E831570}.Debug|Any CPU.ActiveCfg = Debug|Any CPU
		{0BE47869-7005-E5F9-8D7B-F7263E831570}.Debug|Any CPU.Build.0 = Debug|Any CPU
		{0BE47869-7005-E5F9-8D7B-F7263E831570}.Debug|x64.ActiveCfg = Debug|Any CPU
		{0BE47869-7005-E5F9-8D7B-F7263E831570}.Debug|x64.Build.0 = Debug|Any CPU
		{0BE47869-7005-E5F9-8D7B-F7263E831570}.Debug|x86.ActiveCfg = Debug|Any CPU
		{0BE47869-7005-E5F9-8D7B-F7263E831570}.Debug|x86.Build.0 = Debug|Any CPU
		{0BE47869-7005-E5F9-8D7B-F7263E831570}.Release|Any CPU.ActiveCfg = Release|Any CPU
		{0BE47869-7005-E5F9-8D7B-F7263E831570}.Release|Any CPU.Build.0 = Release|Any CPU
		{0BE47869-7005-E5F9-8D7B-F7263E831570}.Release|x64.ActiveCfg = Release|Any CPU
		{0BE47869-7005-E5F9-8D7B-F7263E831570}.Release|x64.Build.0 = Release|Any CPU
		{0BE47869-7005-E5F9-8D7B-F7263E831570}.Release|x86.ActiveCfg = Release|Any CPU
		{0BE47869-7005-E5F9-8D7B-F7263E831570}.Release|x86.Build.0 = Release|Any CPU
		{74514310-73BF-4420-892E-5BAE34C136EC}.Debug|Any CPU.ActiveCfg = Debug|Any CPU
		{74514310-73BF-4420-892E-5BAE34C136EC}.Debug|Any CPU.Build.0 = Debug|Any CPU
		{74514310-73BF-4420-892E-5BAE34C136EC}.Debug|x64.ActiveCfg = Debug|Any CPU
		{74514310-73BF-4420-892E-5BAE34C136EC}.Debug|x64.Build.0 = Debug|Any CPU
		{74514310-73BF-4420-892E-5BAE34C136EC}.Debug|x86.ActiveCfg = Debug|Any CPU
		{74514310-73BF-4420-892E-5BAE34C136EC}.Debug|x86.Build.0 = Debug|Any CPU
		{74514310-73BF-4420-892E-5BAE34C136EC}.Release|Any CPU.ActiveCfg = Release|Any CPU
		{74514310-73BF-4420-892E-5BAE34C136EC}.Release|Any CPU.Build.0 = Release|Any CPU
		{74514310-73BF-4420-892E-5BAE34C136EC}.Release|x64.ActiveCfg = Release|Any CPU
		{74514310-73BF-4420-892E-5BAE34C136EC}.Release|x64.Build.0 = Release|Any CPU
		{74514310-73BF-4420-892E-5BAE34C136EC}.Release|x86.ActiveCfg = Release|Any CPU
		{74514310-73BF-4420-892E-5BAE34C136EC}.Release|x86.Build.0 = Release|Any CPU
	EndGlobalSection
	GlobalSection(SolutionProperties) = preSolution
		HideSolutionNode = FALSE
	EndGlobalSection
	GlobalSection(ExtensibilityGlobals) = postSolution
		SolutionGuid = {DD22E20F-BE16-4770-B7DF-1D2CEFE4AE6B}
	EndGlobalSection
EndGlobal
